// !$*UTF8*$!
{
	archiveVersion = 1;
	classes = {
	};
	objectVersion = 55;
	objects = {

/* Begin PBXBuildFile section */
		636A545929016466009D7491 /* FlowApp.swift in Sources */ = {isa = PBXBuildFile; fileRef = 636A545829016466009D7491 /* FlowApp.swift */; };
		636A545B29016466009D7491 /* ContentView.swift in Sources */ = {isa = PBXBuildFile; fileRef = 636A545A29016466009D7491 /* ContentView.swift */; };
		636A545D29016467009D7491 /* Assets.xcassets in Resources */ = {isa = PBXBuildFile; fileRef = 636A545C29016467009D7491 /* Assets.xcassets */; };
		636A546029016467009D7491 /* Preview Assets.xcassets in Resources */ = {isa = PBXBuildFile; fileRef = 636A545F29016467009D7491 /* Preview Assets.xcassets */; };
		636A546829016B1C009D7491 /* data.swift in Sources */ = {isa = PBXBuildFile; fileRef = 636A546729016B1C009D7491 /* data.swift */; };
		63CA89AD29017BB2006D9876 /* models.swift in Sources */ = {isa = PBXBuildFile; fileRef = 63CA89AC29017BB2006D9876 /* models.swift */; };
		63CA89AF29017BBA006D9876 /* components.swift in Sources */ = {isa = PBXBuildFile; fileRef = 63CA89AE29017BBA006D9876 /* components.swift */; };
		63CA89B329017BE8006D9876 /* viewmodels.swift in Sources */ = {isa = PBXBuildFile; fileRef = 63CA89B229017BE8006D9876 /* viewmodels.swift */; };
		63FC90E12906C57B00135CFB /* ChatView.swift in Sources */ = {isa = PBXBuildFile; fileRef = 63FC90E02906C57B00135CFB /* ChatView.swift */; };
		63FC90E42906C84000135CFB /* StreamChatSwiftUI in Frameworks */ = {isa = PBXBuildFile; productRef = 63FC90E32906C84000135CFB /* StreamChatSwiftUI */; };
/* End PBXBuildFile section */

/* Begin PBXFileReference section */
		636A545529016466009D7491 /* Flow.app */ = {isa = PBXFileReference; explicitFileType = wrapper.application; includeInIndex = 0; path = Flow.app; sourceTree = BUILT_PRODUCTS_DIR; };
		636A545829016466009D7491 /* FlowApp.swift */ = {isa = PBXFileReference; lastKnownFileType = sourcecode.swift; path = FlowApp.swift; sourceTree = "<group>"; };
		636A545A29016466009D7491 /* ContentView.swift */ = {isa = PBXFileReference; lastKnownFileType = sourcecode.swift; path = ContentView.swift; sourceTree = "<group>"; };
		636A545C29016467009D7491 /* Assets.xcassets */ = {isa = PBXFileReference; lastKnownFileType = folder.assetcatalog; path = Assets.xcassets; sourceTree = "<group>"; };
		636A545F29016467009D7491 /* Preview Assets.xcassets */ = {isa = PBXFileReference; lastKnownFileType = folder.assetcatalog; path = "Preview Assets.xcassets"; sourceTree = "<group>"; };
		636A546729016B1C009D7491 /* data.swift */ = {isa = PBXFileReference; lastKnownFileType = sourcecode.swift; path = data.swift; sourceTree = "<group>"; };
		63CA89AC29017BB2006D9876 /* models.swift */ = {isa = PBXFileReference; lastKnownFileType = sourcecode.swift; name = models.swift; path = Flow/models/models.swift; sourceTree = SOURCE_ROOT; };
		63CA89AE29017BBA006D9876 /* components.swift */ = {isa = PBXFileReference; lastKnownFileType = sourcecode.swift; name = components.swift; path = Flow/components/components.swift; sourceTree = SOURCE_ROOT; };
		63CA89B229017BE8006D9876 /* viewmodels.swift */ = {isa = PBXFileReference; lastKnownFileType = sourcecode.swift; name = viewmodels.swift; path = Flow/viewmodels/viewmodels.swift; sourceTree = SOURCE_ROOT; };
		63FC90E02906C57B00135CFB /* ChatView.swift */ = {isa = PBXFileReference; lastKnownFileType = sourcecode.swift; name = ChatView.swift; path = Flow/screens/ChatView.swift; sourceTree = SOURCE_ROOT; };
/* End PBXFileReference section */

/* Begin PBXFrameworksBuildPhase section */
		636A545229016466009D7491 /* Frameworks */ = {
			isa = PBXFrameworksBuildPhase;
			buildActionMask = 2147483647;
			files = (
				63FC90E42906C84000135CFB /* StreamChatSwiftUI in Frameworks */,
			);
			runOnlyForDeploymentPostprocessing = 0;
		};
/* End PBXFrameworksBuildPhase section */

/* Begin PBXGroup section */
		636A544C29016466009D7491 = {
			isa = PBXGroup;
			children = (
				636A545729016466009D7491 /* Flow */,
				636A545629016466009D7491 /* Products */,
			);
			sourceTree = "<group>";
		};
		636A545629016466009D7491 /* Products */ = {
			isa = PBXGroup;
			children = (
				636A545529016466009D7491 /* Flow.app */,
			);
			name = Products;
			sourceTree = "<group>";
		};
		636A545729016466009D7491 /* Flow */ = {
			isa = PBXGroup;
			children = (
				636A546C29016E0B009D7491 /* Models */,
				636A546B29016DFB009D7491 /* Components */,
				636A546A29016DE2009D7491 /* Screens */,
				636A546929016DD1009D7491 /* ViewModels */,
				636A546629016B0E009D7491 /* Data */,
				636A545829016466009D7491 /* FlowApp.swift */,
				636A545A29016466009D7491 /* ContentView.swift */,
				636A545C29016467009D7491 /* Assets.xcassets */,
				636A545E29016467009D7491 /* Preview Content */,
			);
			path = Flow;
			sourceTree = "<group>";
		};
		636A545E29016467009D7491 /* Preview Content */ = {
			isa = PBXGroup;
			children = (
				636A545F29016467009D7491 /* Preview Assets.xcassets */,
			);
			path = "Preview Content";
			sourceTree = "<group>";
		};
		636A546629016B0E009D7491 /* Data */ = {
			isa = PBXGroup;
			children = (
				636A546729016B1C009D7491 /* data.swift */,
			);
			path = Data;
			sourceTree = "<group>";
		};
		636A546929016DD1009D7491 /* ViewModels */ = {
			isa = PBXGroup;
			children = (
				63CA89B229017BE8006D9876 /* viewmodels.swift */,
			);
			path = ViewModels;
			sourceTree = "<group>";
		};
		636A546A29016DE2009D7491 /* Screens */ = {
			isa = PBXGroup;
			children = (
				63FC90E02906C57B00135CFB /* ChatView.swift */,
			);
			path = Screens;
			sourceTree = "<group>";
		};
		636A546B29016DFB009D7491 /* Components */ = {
			isa = PBXGroup;
			children = (
				63CA89AE29017BBA006D9876 /* components.swift */,
			);
			path = Components;
			sourceTree = "<group>";
		};
		636A546C29016E0B009D7491 /* Models */ = {
			isa = PBXGroup;
			children = (
				63CA89AC29017BB2006D9876 /* models.swift */,
			);
			path = Models;
			sourceTree = "<group>";
		};
/* End PBXGroup section */

/* Begin PBXNativeTarget section */
		636A545429016466009D7491 /* Flow */ = {
			isa = PBXNativeTarget;
			buildConfigurationList = 636A546329016467009D7491 /* Build configuration list for PBXNativeTarget "Flow" */;
			buildPhases = (
				636A545129016466009D7491 /* Sources */,
				636A545229016466009D7491 /* Frameworks */,
				636A545329016466009D7491 /* Resources */,
			);
			buildRules = (
			);
			dependencies = (
			);
			name = Flow;
			packageProductDependencies = (
				63FC90E32906C84000135CFB /* StreamChatSwiftUI */,
			);
			productName = Flow;
			productReference = 636A545529016466009D7491 /* Flow.app */;
			productType = "com.apple.product-type.application";
		};
/* End PBXNativeTarget section */

/* Begin PBXProject section */
		636A544D29016466009D7491 /* Project object */ = {
			isa = PBXProject;
			attributes = {
				BuildIndependentTargetsInParallel = 1;
				LastSwiftUpdateCheck = 1400;
				LastUpgradeCheck = 1400;
				TargetAttributes = {
					636A545429016466009D7491 = {
						CreatedOnToolsVersion = 14.0.1;
					};
				};
			};
			buildConfigurationList = 636A545029016466009D7491 /* Build configuration list for PBXProject "Flow" */;
			compatibilityVersion = "Xcode 13.0";
			developmentRegion = en;
			hasScannedForEncodings = 0;
			knownRegions = (
				en,
				Base,
			);
			mainGroup = 636A544C29016466009D7491;
			packageReferences = (
				63FC90E22906C84000135CFB /* XCRemoteSwiftPackageReference "stream-chat-swiftui" */,
			);
			productRefGroup = 636A545629016466009D7491 /* Products */;
			projectDirPath = "";
			projectRoot = "";
			targets = (
				636A545429016466009D7491 /* Flow */,
			);
		};
/* End PBXProject section */

/* Begin PBXResourcesBuildPhase section */
		636A545329016466009D7491 /* Resources */ = {
			isa = PBXResourcesBuildPhase;
			buildActionMask = 2147483647;
			files = (
				636A546029016467009D7491 /* Preview Assets.xcassets in Resources */,
				636A545D29016467009D7491 /* Assets.xcassets in Resources */,
			);
			runOnlyForDeploymentPostprocessing = 0;
		};
/* End PBXResourcesBuildPhase section */

/* Begin PBXSourcesBuildPhase section */
		636A545129016466009D7491 /* Sources */ = {
			isa = PBXSourcesBuildPhase;
			buildActionMask = 2147483647;
			files = (
				636A545B29016466009D7491 /* ContentView.swift in Sources */,
				63CA89B329017BE8006D9876 /* viewmodels.swift in Sources */,
				636A546829016B1C009D7491 /* data.swift in Sources */,
				63CA89AF29017BBA006D9876 /* components.swift in Sources */,
				63FC90E12906C57B00135CFB /* ChatView.swift in Sources */,
				636A545929016466009D7491 /* FlowApp.swift in Sources */,
				63CA89AD29017BB2006D9876 /* models.swift in Sources */,
			);
			runOnlyForDeploymentPostprocessing = 0;
		};
/* End PBXSourcesBuildPhase section */

/* Begin XCBuildConfiguration section */
		636A546129016467009D7491 /* Debug */ = {
			isa = XCBuildConfiguration;
			buildSettings = {
				ALWAYS_SEARCH_USER_PATHS = NO;
				CLANG_ANALYZER_NONNULL = YES;
				CLANG_ANALYZER_NUMBER_OBJECT_CONVERSION = YES_AGGRESSIVE;
				CLANG_CXX_LANGUAGE_STANDARD = "gnu++20";
				CLANG_ENABLE_MODULES = YES;
				CLANG_ENABLE_OBJC_ARC = YES;
				CLANG_ENABLE_OBJC_WEAK = YES;
				CLANG_WARN_BLOCK_CAPTURE_AUTORELEASING = YES;
				CLANG_WARN_BOOL_CONVERSION = YES;
				CLANG_WARN_COMMA = YES;
				CLANG_WARN_CONSTANT_CONVERSION = YES;
				CLANG_WARN_DEPRECATED_OBJC_IMPLEMENTATIONS = YES;
				CLANG_WARN_DIRECT_OBJC_ISA_USAGE = YES_ERROR;
				CLANG_WARN_DOCUMENTATION_COMMENTS = YES;
				CLANG_WARN_EMPTY_BODY = YES;
				CLANG_WARN_ENUM_CONVERSION = YES;
				CLANG_WARN_INFINITE_RECURSION = YES;
				CLANG_WARN_INT_CONVERSION = YES;
				CLANG_WARN_NON_LITERAL_NULL_CONVERSION = YES;
				CLANG_WARN_OBJC_IMPLICIT_RETAIN_SELF = YES;
				CLANG_WARN_OBJC_LITERAL_CONVERSION = YES;
				CLANG_WARN_OBJC_ROOT_CLASS = YES_ERROR;
				CLANG_WARN_QUOTED_INCLUDE_IN_FRAMEWORK_HEADER = YES;
				CLANG_WARN_RANGE_LOOP_ANALYSIS = YES;
				CLANG_WARN_STRICT_PROTOTYPES = YES;
				CLANG_WARN_SUSPICIOUS_MOVE = YES;
				CLANG_WARN_UNGUARDED_AVAILABILITY = YES_AGGRESSIVE;
				CLANG_WARN_UNREACHABLE_CODE = YES;
				CLANG_WARN__DUPLICATE_METHOD_MATCH = YES;
				COPY_PHASE_STRIP = NO;
				DEBUG_INFORMATION_FORMAT = dwarf;
				ENABLE_STRICT_OBJC_MSGSEND = YES;
				ENABLE_TESTABILITY = YES;
				GCC_C_LANGUAGE_STANDARD = gnu11;
				GCC_DYNAMIC_NO_PIC = NO;
				GCC_NO_COMMON_BLOCKS = YES;
				GCC_OPTIMIZATION_LEVEL = 0;
				GCC_PREPROCESSOR_DEFINITIONS = (
					"DEBUG=1",
					"$(inherited)",
				);
				GCC_WARN_64_TO_32_BIT_CONVERSION = YES;
				GCC_WARN_ABOUT_RETURN_TYPE = YES_ERROR;
				GCC_WARN_UNDECLARED_SELECTOR = YES;
				GCC_WARN_UNINITIALIZED_AUTOS = YES_AGGRESSIVE;
				GCC_WARN_UNUSED_FUNCTION = YES;
				GCC_WARN_UNUSED_VARIABLE = YES;
				IPHONEOS_DEPLOYMENT_TARGET = 16.0;
				MTL_ENABLE_DEBUG_INFO = INCLUDE_SOURCE;
				MTL_FAST_MATH = YES;
				ONLY_ACTIVE_ARCH = YES;
				SDKROOT = iphoneos;
				SWIFT_ACTIVE_COMPILATION_CONDITIONS = DEBUG;
				SWIFT_OPTIMIZATION_LEVEL = "-Onone";
			};
			name = Debug;
		};
		636A546229016467009D7491 /* Release */ = {
			isa = XCBuildConfiguration;
			buildSettings = {
				ALWAYS_SEARCH_USER_PATHS = NO;
				CLANG_ANALYZER_NONNULL = YES;
				CLANG_ANALYZER_NUMBER_OBJECT_CONVERSION = YES_AGGRESSIVE;
				CLANG_CXX_LANGUAGE_STANDARD = "gnu++20";
				CLANG_ENABLE_MODULES = YES;
				CLANG_ENABLE_OBJC_ARC = YES;
				CLANG_ENABLE_OBJC_WEAK = YES;
				CLANG_WARN_BLOCK_CAPTURE_AUTORELEASING = YES;
				CLANG_WARN_BOOL_CONVERSION = YES;
				CLANG_WARN_COMMA = YES;
				CLANG_WARN_CONSTANT_CONVERSION = YES;
				CLANG_WARN_DEPRECATED_OBJC_IMPLEMENTATIONS = YES;
				CLANG_WARN_DIRECT_OBJC_ISA_USAGE = YES_ERROR;
				CLANG_WARN_DOCUMENTATION_COMMENTS = YES;
				CLANG_WARN_EMPTY_BODY = YES;
				CLANG_WARN_ENUM_CONVERSION = YES;
				CLANG_WARN_INFINITE_RECURSION = YES;
				CLANG_WARN_INT_CONVERSION = YES;
				CLANG_WARN_NON_LITERAL_NULL_CONVERSION = YES;
				CLANG_WARN_OBJC_IMPLICIT_RETAIN_SELF = YES;
				CLANG_WARN_OBJC_LITERAL_CONVERSION = YES;
				CLANG_WARN_OBJC_ROOT_CLASS = YES_ERROR;
				CLANG_WARN_QUOTED_INCLUDE_IN_FRAMEWORK_HEADER = YES;
				CLANG_WARN_RANGE_LOOP_ANALYSIS = YES;
				CLANG_WARN_STRICT_PROTOTYPES = YES;
				CLANG_WARN_SUSPICIOUS_MOVE = YES;
				CLANG_WARN_UNGUARDED_AVAILABILITY = YES_AGGRESSIVE;
				CLANG_WARN_UNREACHABLE_CODE = YES;
				CLANG_WARN__DUPLICATE_METHOD_MATCH = YES;
				COPY_PHASE_STRIP = NO;
				DEBUG_INFORMATION_FORMAT = "dwarf-with-dsym";
				ENABLE_NS_ASSERTIONS = NO;
				ENABLE_STRICT_OBJC_MSGSEND = YES;
				GCC_C_LANGUAGE_STANDARD = gnu11;
				GCC_NO_COMMON_BLOCKS = YES;
				GCC_WARN_64_TO_32_BIT_CONVERSION = YES;
				GCC_WARN_ABOUT_RETURN_TYPE = YES_ERROR;
				GCC_WARN_UNDECLARED_SELECTOR = YES;
				GCC_WARN_UNINITIALIZED_AUTOS = YES_AGGRESSIVE;
				GCC_WARN_UNUSED_FUNCTION = YES;
				GCC_WARN_UNUSED_VARIABLE = YES;
				IPHONEOS_DEPLOYMENT_TARGET = 16.0;
				MTL_ENABLE_DEBUG_INFO = NO;
				MTL_FAST_MATH = YES;
				SDKROOT = iphoneos;
				SWIFT_COMPILATION_MODE = wholemodule;
				SWIFT_OPTIMIZATION_LEVEL = "-O";
				VALIDATE_PRODUCT = YES;
			};
			name = Release;
		};
		636A546429016467009D7491 /* Debug */ = {
			isa = XCBuildConfiguration;
			buildSettings = {
				ASSETCATALOG_COMPILER_APPICON_NAME = AppIcon;
				ASSETCATALOG_COMPILER_GLOBAL_ACCENT_COLOR_NAME = AccentColor;
				CODE_SIGN_STYLE = Automatic;
				CURRENT_PROJECT_VERSION = 1;
				DEVELOPMENT_ASSET_PATHS = "\"Flow/Preview Content\"";
				ENABLE_PREVIEWS = YES;
				GENERATE_INFOPLIST_FILE = YES;
				INFOPLIST_KEY_UIApplicationSceneManifest_Generation = YES;
				INFOPLIST_KEY_UIApplicationSupportsIndirectInputEvents = YES;
				INFOPLIST_KEY_UILaunchScreen_Generation = YES;
				INFOPLIST_KEY_UISupportedInterfaceOrientations_iPad = "UIInterfaceOrientationPortrait UIInterfaceOrientationPortraitUpsideDown UIInterfaceOrientationLandscapeLeft UIInterfaceOrientationLandscapeRight";
				INFOPLIST_KEY_UISupportedInterfaceOrientations_iPhone = "UIInterfaceOrientationPortrait UIInterfaceOrientationLandscapeLeft UIInterfaceOrientationLandscapeRight";
				IPHONEOS_DEPLOYMENT_TARGET = 15.0;
				LD_RUNPATH_SEARCH_PATHS = (
					"$(inherited)",
					"@executable_path/Frameworks",
				);
				MARKETING_VERSION = 1.0;
				PRODUCT_BUNDLE_IDENTIFIER = AFPE.Flow;
				PRODUCT_NAME = "$(TARGET_NAME)";
				SWIFT_EMIT_LOC_STRINGS = YES;
				SWIFT_VERSION = 5.0;
				TARGETED_DEVICE_FAMILY = "1,2";
			};
			name = Debug;
		};
		636A546529016467009D7491 /* Release */ = {
			isa = XCBuildConfiguration;
			buildSettings = {
				ASSETCATALOG_COMPILER_APPICON_NAME = AppIcon;
				ASSETCATALOG_COMPILER_GLOBAL_ACCENT_COLOR_NAME = AccentColor;
				CODE_SIGN_STYLE = Automatic;
				CURRENT_PROJECT_VERSION = 1;
				DEVELOPMENT_ASSET_PATHS = "\"Flow/Preview Content\"";
				ENABLE_PREVIEWS = YES;
				GENERATE_INFOPLIST_FILE = YES;
				INFOPLIST_KEY_UIApplicationSceneManifest_Generation = YES;
				INFOPLIST_KEY_UIApplicationSupportsIndirectInputEvents = YES;
				INFOPLIST_KEY_UILaunchScreen_Generation = YES;
				INFOPLIST_KEY_UISupportedInterfaceOrientations_iPad = "UIInterfaceOrientationPortrait UIInterfaceOrientationPortraitUpsideDown UIInterfaceOrientationLandscapeLeft UIInterfaceOrientationLandscapeRight";
				INFOPLIST_KEY_UISupportedInterfaceOrientations_iPhone = "UIInterfaceOrientationPortrait UIInterfaceOrientationLandscapeLeft UIInterfaceOrientationLandscapeRight";
				IPHONEOS_DEPLOYMENT_TARGET = 15.0;
				LD_RUNPATH_SEARCH_PATHS = (
					"$(inherited)",
					"@executable_path/Frameworks",
				);
				MARKETING_VERSION = 1.0;
				PRODUCT_BUNDLE_IDENTIFIER = AFPE.Flow;
				PRODUCT_NAME = "$(TARGET_NAME)";
				SWIFT_EMIT_LOC_STRINGS = YES;
				SWIFT_VERSION = 5.0;
				TARGETED_DEVICE_FAMILY = "1,2";
			};
			name = Release;
		};
/* End XCBuildConfiguration section */

/* Begin XCConfigurationList section */
		636A545029016466009D7491 /* Build configuration list for PBXProject "Flow" */ = {
			isa = XCConfigurationList;
			buildConfigurations = (
				636A546129016467009D7491 /* Debug */,
				636A546229016467009D7491 /* Release */,
			);
			defaultConfigurationIsVisible = 0;
			defaultConfigurationName = Release;
		};
		636A546329016467009D7491 /* Build configuration list for PBXNativeTarget "Flow" */ = {
			isa = XCConfigurationList;
			buildConfigurations = (
				636A546429016467009D7491 /* Debug */,
				636A546529016467009D7491 /* Release */,
			);
			defaultConfigurationIsVisible = 0;
			defaultConfigurationName = Release;
		};
/* End XCConfigurationList section */

/* Begin XCRemoteSwiftPackageReference section */
		63FC90E22906C84000135CFB /* XCRemoteSwiftPackageReference "stream-chat-swiftui" */ = {
			isa = XCRemoteSwiftPackageReference;
			repositoryURL = "https://github.com/getstream/stream-chat-swiftui";
			requirement = {
				branch = main;
				kind = branch;
			};
		};
/* End XCRemoteSwiftPackageReference section */

/* Begin XCSwiftPackageProductDependency section */
		63FC90E32906C84000135CFB /* StreamChatSwiftUI */ = {
			isa = XCSwiftPackageProductDependency;
			package = 63FC90E22906C84000135CFB /* XCRemoteSwiftPackageReference "stream-chat-swiftui" */;
			productName = StreamChatSwiftUI;
		};
/* End XCSwiftPackageProductDependency section */
	};
	rootObject = 636A544D29016466009D7491 /* Project object */;
}
