// !$*UTF8*$!
{
	archiveVersion = 1;
	classes = {
	};
	objectVersion = 55;
	objects = {

/* Begin PBXBuildFile section */
		5F807F712906D6F80002C5D9 /* LibraryComp.swift in Sources */ = {isa = PBXBuildFile; fileRef = 5F807F702906D6F80002C5D9 /* LibraryComp.swift */; };
		5F807F732906D73F0002C5D9 /* DetailsComp.swift in Sources */ = {isa = PBXBuildFile; fileRef = 5F807F722906D73F0002C5D9 /* DetailsComp.swift */; };
		5F807F752906D7580002C5D9 /* MapDetailsComp.swift in Sources */ = {isa = PBXBuildFile; fileRef = 5F807F742906D7580002C5D9 /* MapDetailsComp.swift */; };
		5F807F772906D7680002C5D9 /* LibraryView.swift in Sources */ = {isa = PBXBuildFile; fileRef = 5F807F762906D7680002C5D9 /* LibraryView.swift */; };
		5F807F792906D78E0002C5D9 /* DetailsView.swift in Sources */ = {isa = PBXBuildFile; fileRef = 5F807F782906D78E0002C5D9 /* DetailsView.swift */; };
		5F807F802906D7E50002C5D9 /* Styles.swift in Sources */ = {isa = PBXBuildFile; fileRef = 5F807F7F2906D7E50002C5D9 /* Styles.swift */; };
		6300A123290FC57100193738 /* TrendingViewModel.swift in Sources */ = {isa = PBXBuildFile; fileRef = 6300A122290FC57000193738 /* TrendingViewModel.swift */; };
		6300A126290FC60000193738 /* ResponseDto.swift in Sources */ = {isa = PBXBuildFile; fileRef = 6300A125290FC60000193738 /* ResponseDto.swift */; };
		636A43C029125F4A0032D4F5 /* VignetteTrending.swift in Sources */ = {isa = PBXBuildFile; fileRef = 636A43BF29125F4A0032D4F5 /* VignetteTrending.swift */; };
		636A43C229127F660032D4F5 /* TrendingParamModel.swift in Sources */ = {isa = PBXBuildFile; fileRef = 636A43C129127F660032D4F5 /* TrendingParamModel.swift */; };
		636A43C42912857B0032D4F5 /* FilmParamModel.swift in Sources */ = {isa = PBXBuildFile; fileRef = 636A43C32912857B0032D4F5 /* FilmParamModel.swift */; };
		636A43C6291286340032D4F5 /* FilmViewModel.swift in Sources */ = {isa = PBXBuildFile; fileRef = 636A43C5291286340032D4F5 /* FilmViewModel.swift */; };
		636A43C829128D5F0032D4F5 /* SerieParamModel.swift in Sources */ = {isa = PBXBuildFile; fileRef = 636A43C729128D5F0032D4F5 /* SerieParamModel.swift */; };
		636A43CC29128DD90032D4F5 /* SerieViewModel.swift in Sources */ = {isa = PBXBuildFile; fileRef = 636A43CB29128DD90032D4F5 /* SerieViewModel.swift */; };
		636A43CE291293150032D4F5 /* CardView.swift in Sources */ = {isa = PBXBuildFile; fileRef = 636A43CD291293150032D4F5 /* CardView.swift */; };
		636A43D0291299500032D4F5 /* titleComponentDynamic.swift in Sources */ = {isa = PBXBuildFile; fileRef = 636A43CF291299500032D4F5 /* titleComponentDynamic.swift */; };
		636A43D22912AEE10032D4F5 /* FavoriteModel.swift in Sources */ = {isa = PBXBuildFile; fileRef = 636A43D12912AEE10032D4F5 /* FavoriteModel.swift */; };
		636A43D42912AF220032D4F5 /* FavoriteViewModel.swift in Sources */ = {isa = PBXBuildFile; fileRef = 636A43D32912AF220032D4F5 /* FavoriteViewModel.swift */; };
		636A43D62912B0830032D4F5 /* FavoriteScroll.swift in Sources */ = {isa = PBXBuildFile; fileRef = 636A43D52912B0830032D4F5 /* FavoriteScroll.swift */; };
		636A43D82912BF9A0032D4F5 /* FilmAddedModel.swift in Sources */ = {isa = PBXBuildFile; fileRef = 636A43D72912BF9A0032D4F5 /* FilmAddedModel.swift */; };
		636A43DA2912BFC30032D4F5 /* FilmAddedViewModel.swift in Sources */ = {isa = PBXBuildFile; fileRef = 636A43D92912BFC30032D4F5 /* FilmAddedViewModel.swift */; };
		636A43DC2912C0130032D4F5 /* FilmScroll.swift in Sources */ = {isa = PBXBuildFile; fileRef = 636A43DB2912C0130032D4F5 /* FilmScroll.swift */; };
		636A43DE2912C65D0032D4F5 /* SerieAddedModel.swift in Sources */ = {isa = PBXBuildFile; fileRef = 636A43DD2912C65D0032D4F5 /* SerieAddedModel.swift */; };
		636A43E02912C67C0032D4F5 /* SerieAddedViewModel.swift in Sources */ = {isa = PBXBuildFile; fileRef = 636A43DF2912C67C0032D4F5 /* SerieAddedViewModel.swift */; };
		636A43E22912C7920032D4F5 /* SerieScroll.swift in Sources */ = {isa = PBXBuildFile; fileRef = 636A43E12912C7920032D4F5 /* SerieScroll.swift */; };
		636A43E42912CA960032D4F5 /* EventAddedModel.swift in Sources */ = {isa = PBXBuildFile; fileRef = 636A43E32912CA960032D4F5 /* EventAddedModel.swift */; };
		636A43E62912CB7E0032D4F5 /* EventAddedViewModel.swift in Sources */ = {isa = PBXBuildFile; fileRef = 636A43E52912CB7E0032D4F5 /* EventAddedViewModel.swift */; };
		636A43E82912CBD30032D4F5 /* EventScroll.swift in Sources */ = {isa = PBXBuildFile; fileRef = 636A43E72912CBD30032D4F5 /* EventScroll.swift */; };
		636A545929016466009D7491 /* FlowApp.swift in Sources */ = {isa = PBXBuildFile; fileRef = 636A545829016466009D7491 /* FlowApp.swift */; };
		636A545D29016467009D7491 /* Assets.xcassets in Resources */ = {isa = PBXBuildFile; fileRef = 636A545C29016467009D7491 /* Assets.xcassets */; };
		636A546029016467009D7491 /* Preview Assets.xcassets in Resources */ = {isa = PBXBuildFile; fileRef = 636A545F29016467009D7491 /* Preview Assets.xcassets */; };
		636A546829016B1C009D7491 /* data.swift in Sources */ = {isa = PBXBuildFile; fileRef = 636A546729016B1C009D7491 /* data.swift */; };
		639079052907FCF800FB8C02 /* LocationModel.swift in Sources */ = {isa = PBXBuildFile; fileRef = 639079042907FCF800FB8C02 /* LocationModel.swift */; };
		639079072907FDF100FB8C02 /* LocationDataServices.swift in Sources */ = {isa = PBXBuildFile; fileRef = 639079062907FDF100FB8C02 /* LocationDataServices.swift */; };
		639079092907FEB400FB8C02 /* LocationsView.swift in Sources */ = {isa = PBXBuildFile; fileRef = 639079082907FEB400FB8C02 /* LocationsView.swift */; };
		6390790B2908011700FB8C02 /* LocationsViewModel.swift in Sources */ = {isa = PBXBuildFile; fileRef = 6390790A2908011700FB8C02 /* LocationsViewModel.swift */; };
		6390790D2908095700FB8C02 /* LocationsListView.swift in Sources */ = {isa = PBXBuildFile; fileRef = 6390790C2908095600FB8C02 /* LocationsListView.swift */; };
		6390790F2908148A00FB8C02 /* LocationPreviewView.swift in Sources */ = {isa = PBXBuildFile; fileRef = 6390790E2908148A00FB8C02 /* LocationPreviewView.swift */; };
		639079112908342C00FB8C02 /* LocationMapAnnotationView.swift in Sources */ = {isa = PBXBuildFile; fileRef = 639079102908342C00FB8C02 /* LocationMapAnnotationView.swift */; };
		63907913290838A100FB8C02 /* LocationDetailView.swift in Sources */ = {isa = PBXBuildFile; fileRef = 63907912290838A100FB8C02 /* LocationDetailView.swift */; };
		6390791729092B2900FB8C02 /* TabViewView.swift in Sources */ = {isa = PBXBuildFile; fileRef = 6390791629092B2900FB8C02 /* TabViewView.swift */; };
		63AAE68829102420003BF376 /* ChatVenueView.swift in Sources */ = {isa = PBXBuildFile; fileRef = 63AAE68729102420003BF376 /* ChatVenueView.swift */; };
		63CA89B7290181F7006D9876 /* HomeView.swift in Sources */ = {isa = PBXBuildFile; fileRef = 63CA89B6290181F7006D9876 /* HomeView.swift */; };
		63D609102913F6930008732E /* VignetteSerie.swift in Sources */ = {isa = PBXBuildFile; fileRef = 63D6090F2913F6930008732E /* VignetteSerie.swift */; };
		63FC90C12901966200135CFB /* miniatureFilm.swift in Sources */ = {isa = PBXBuildFile; fileRef = 63FC90C02901966200135CFB /* miniatureFilm.swift */; };
		63FC90C32901968800135CFB /* miniatureSerie.swift in Sources */ = {isa = PBXBuildFile; fileRef = 63FC90C22901968800135CFB /* miniatureSerie.swift */; };
		63FC90C52901973B00135CFB /* FilmHomeModel.swift in Sources */ = {isa = PBXBuildFile; fileRef = 63FC90C42901973B00135CFB /* FilmHomeModel.swift */; };
		63FC90C72901974800135CFB /* SerieHomeModel.swift in Sources */ = {isa = PBXBuildFile; fileRef = 63FC90C62901974800135CFB /* SerieHomeModel.swift */; };
		63FC90CB290282ED00135CFB /* homeDetail.swift in Sources */ = {isa = PBXBuildFile; fileRef = 63FC90CA290282ED00135CFB /* homeDetail.swift */; };
		63FC90CD2902939700135CFB /* plateformLogo.swift in Sources */ = {isa = PBXBuildFile; fileRef = 63FC90CC2902939700135CFB /* plateformLogo.swift */; };
		63FC90E12906C57B00135CFB /* ChatView.swift in Sources */ = {isa = PBXBuildFile; fileRef = 63FC90E02906C57B00135CFB /* ChatView.swift */; };
		63FC90E82906D02800135CFB /* BotResponse.swift in Sources */ = {isa = PBXBuildFile; fileRef = 63FC90E72906D02800135CFB /* BotResponse.swift */; };
		9C1B061B2907EA3000B68E3D /* VignetteFilm.swift in Sources */ = {isa = PBXBuildFile; fileRef = 9C1B061A2907EA3000B68E3D /* VignetteFilm.swift */; };
		9C1B061F2908302800B68E3D /* ButtonInscriptionTwo.swift in Sources */ = {isa = PBXBuildFile; fileRef = 9C1B061E2908302800B68E3D /* ButtonInscriptionTwo.swift */; };
		9C21CBFF2906781900F3BB26 /* ButtonConnexion.swift in Sources */ = {isa = PBXBuildFile; fileRef = 9C21CBFE2906781900F3BB26 /* ButtonConnexion.swift */; };
		9C21CC01290682A300F3BB26 /* ButtonInscription.swift in Sources */ = {isa = PBXBuildFile; fileRef = 9C21CC00290682A300F3BB26 /* ButtonInscription.swift */; };
		9C21CC0329068B3000F3BB26 /* ContinuewithApple.swift in Sources */ = {isa = PBXBuildFile; fileRef = 9C21CC0229068B3000F3BB26 /* ContinuewithApple.swift */; };
		9C8357B42906C59C0066A725 /* ParametersView.swift in Sources */ = {isa = PBXBuildFile; fileRef = 9C8357B32906C59C0066A725 /* ParametersView.swift */; };
		9CACF35029019A2300234452 /* ConnexionView.swift in Sources */ = {isa = PBXBuildFile; fileRef = 9CACF34F29019A2300234452 /* ConnexionView.swift */; };
		9CACF35229019EBB00234452 /* InscriptionView.swift in Sources */ = {isa = PBXBuildFile; fileRef = 9CACF35129019EBB00234452 /* InscriptionView.swift */; };
		C705501B29029C02006A316E /* profileButton.swift in Sources */ = {isa = PBXBuildFile; fileRef = C705501A29029C02006A316E /* profileButton.swift */; };
		C705501D2902BBDF006A316E /* profileInfo.swift in Sources */ = {isa = PBXBuildFile; fileRef = C705501C2902BBDF006A316E /* profileInfo.swift */; };
		C705501F2902C9AF006A316E /* gradientRectangle.swift in Sources */ = {isa = PBXBuildFile; fileRef = C705501E2902C9AF006A316E /* gradientRectangle.swift */; };
		C7220D6929069D9200EF5278 /* profileEvents.swift in Sources */ = {isa = PBXBuildFile; fileRef = C7220D6829069D9200EF5278 /* profileEvents.swift */; };
		C7220D6B2906B14E00EF5278 /* profilePreference.swift in Sources */ = {isa = PBXBuildFile; fileRef = C7220D6A2906B14E00EF5278 /* profilePreference.swift */; };
		C7220D6D2906C12500EF5278 /* profileAddPreference.swift in Sources */ = {isa = PBXBuildFile; fileRef = C7220D6C2906C12500EF5278 /* profileAddPreference.swift */; };
		C7220D6F2906C1A100EF5278 /* profileCategoryPreference.swift in Sources */ = {isa = PBXBuildFile; fileRef = C7220D6E2906C1A100EF5278 /* profileCategoryPreference.swift */; };
		C7C0B2022907FD2F00094B26 /* titleComponent.swift in Sources */ = {isa = PBXBuildFile; fileRef = C7C0B2012907FD2F00094B26 /* titleComponent.swift */; };
		C7E0355D29100FCC0077E977 /* ContentView.swift in Sources */ = {isa = PBXBuildFile; fileRef = C7E0355C29100FCC0077E977 /* ContentView.swift */; };
		C7E0355F2910237D0077E977 /* miniatureEvent.swift in Sources */ = {isa = PBXBuildFile; fileRef = C7E0355E2910237D0077E977 /* miniatureEvent.swift */; };
		C7F8344A290A6E870003B3EB /* actorInfo.swift in Sources */ = {isa = PBXBuildFile; fileRef = C7F83449290A6E870003B3EB /* actorInfo.swift */; };
		C7F8344C290A7B7D0003B3EB /* actorInfoGrid.swift in Sources */ = {isa = PBXBuildFile; fileRef = C7F8344B290A7B7D0003B3EB /* actorInfoGrid.swift */; };
		C7FD1FB4290184BE001B5516 /* ProfileView.swift in Sources */ = {isa = PBXBuildFile; fileRef = C7FD1FB3290184BE001B5516 /* ProfileView.swift */; };
/* End PBXBuildFile section */

/* Begin PBXFileReference section */
		5F807F702906D6F80002C5D9 /* LibraryComp.swift */ = {isa = PBXFileReference; lastKnownFileType = sourcecode.swift; name = LibraryComp.swift; path = Flow/components/LibraryComp.swift; sourceTree = SOURCE_ROOT; };
		5F807F722906D73F0002C5D9 /* DetailsComp.swift */ = {isa = PBXFileReference; lastKnownFileType = sourcecode.swift; name = DetailsComp.swift; path = Flow/components/DetailsComp.swift; sourceTree = SOURCE_ROOT; };
		5F807F742906D7580002C5D9 /* MapDetailsComp.swift */ = {isa = PBXFileReference; lastKnownFileType = sourcecode.swift; name = MapDetailsComp.swift; path = Flow/components/MapDetailsComp.swift; sourceTree = SOURCE_ROOT; };
		5F807F762906D7680002C5D9 /* LibraryView.swift */ = {isa = PBXFileReference; lastKnownFileType = sourcecode.swift; name = LibraryView.swift; path = Flow/screens/LibraryView.swift; sourceTree = SOURCE_ROOT; };
		5F807F782906D78E0002C5D9 /* DetailsView.swift */ = {isa = PBXFileReference; lastKnownFileType = sourcecode.swift; name = DetailsView.swift; path = Flow/screens/DetailsView.swift; sourceTree = SOURCE_ROOT; };
		5F807F7F2906D7E50002C5D9 /* Styles.swift */ = {isa = PBXFileReference; lastKnownFileType = sourcecode.swift; path = Styles.swift; sourceTree = "<group>"; };
		6300A122290FC57000193738 /* TrendingViewModel.swift */ = {isa = PBXFileReference; lastKnownFileType = sourcecode.swift; name = TrendingViewModel.swift; path = Flow/viewmodels/TrendingViewModel.swift; sourceTree = SOURCE_ROOT; };
		6300A125290FC60000193738 /* ResponseDto.swift */ = {isa = PBXFileReference; lastKnownFileType = sourcecode.swift; path = ResponseDto.swift; sourceTree = "<group>"; };
		636A43BF29125F4A0032D4F5 /* VignetteTrending.swift */ = {isa = PBXFileReference; lastKnownFileType = sourcecode.swift; name = VignetteTrending.swift; path = Flow/components/VignetteTrending.swift; sourceTree = SOURCE_ROOT; };
		636A43C129127F660032D4F5 /* TrendingParamModel.swift */ = {isa = PBXFileReference; lastKnownFileType = sourcecode.swift; name = TrendingParamModel.swift; path = Flow/models/TrendingParamModel.swift; sourceTree = SOURCE_ROOT; };
		636A43C32912857B0032D4F5 /* FilmParamModel.swift */ = {isa = PBXFileReference; lastKnownFileType = sourcecode.swift; name = FilmParamModel.swift; path = Flow/models/FilmParamModel.swift; sourceTree = SOURCE_ROOT; };
		636A43C5291286340032D4F5 /* FilmViewModel.swift */ = {isa = PBXFileReference; lastKnownFileType = sourcecode.swift; name = FilmViewModel.swift; path = Flow/viewmodels/FilmViewModel.swift; sourceTree = SOURCE_ROOT; };
		636A43C729128D5F0032D4F5 /* SerieParamModel.swift */ = {isa = PBXFileReference; lastKnownFileType = sourcecode.swift; name = SerieParamModel.swift; path = Flow/models/SerieParamModel.swift; sourceTree = SOURCE_ROOT; };
		636A43CB29128DD90032D4F5 /* SerieViewModel.swift */ = {isa = PBXFileReference; lastKnownFileType = sourcecode.swift; name = SerieViewModel.swift; path = Flow/viewmodels/SerieViewModel.swift; sourceTree = SOURCE_ROOT; };
		636A43CD291293150032D4F5 /* CardView.swift */ = {isa = PBXFileReference; lastKnownFileType = sourcecode.swift; name = CardView.swift; path = Flow/components/CardView.swift; sourceTree = SOURCE_ROOT; };
		636A43CF291299500032D4F5 /* titleComponentDynamic.swift */ = {isa = PBXFileReference; lastKnownFileType = sourcecode.swift; name = titleComponentDynamic.swift; path = Flow/components/titleComponentDynamic.swift; sourceTree = SOURCE_ROOT; };
		636A43D12912AEE10032D4F5 /* FavoriteModel.swift */ = {isa = PBXFileReference; lastKnownFileType = sourcecode.swift; name = FavoriteModel.swift; path = Flow/models/FavoriteModel.swift; sourceTree = SOURCE_ROOT; };
		636A43D32912AF220032D4F5 /* FavoriteViewModel.swift */ = {isa = PBXFileReference; lastKnownFileType = sourcecode.swift; name = FavoriteViewModel.swift; path = Flow/viewmodels/FavoriteViewModel.swift; sourceTree = SOURCE_ROOT; };
		636A43D52912B0830032D4F5 /* FavoriteScroll.swift */ = {isa = PBXFileReference; lastKnownFileType = sourcecode.swift; name = FavoriteScroll.swift; path = Flow/components/FavoriteScroll.swift; sourceTree = SOURCE_ROOT; };
		636A43D72912BF9A0032D4F5 /* FilmAddedModel.swift */ = {isa = PBXFileReference; lastKnownFileType = sourcecode.swift; name = FilmAddedModel.swift; path = Flow/models/FilmAddedModel.swift; sourceTree = SOURCE_ROOT; };
		636A43D92912BFC30032D4F5 /* FilmAddedViewModel.swift */ = {isa = PBXFileReference; lastKnownFileType = sourcecode.swift; name = FilmAddedViewModel.swift; path = Flow/viewmodels/FilmAddedViewModel.swift; sourceTree = SOURCE_ROOT; };
		636A43DB2912C0130032D4F5 /* FilmScroll.swift */ = {isa = PBXFileReference; lastKnownFileType = sourcecode.swift; name = FilmScroll.swift; path = Flow/components/FilmScroll.swift; sourceTree = SOURCE_ROOT; };
		636A43DD2912C65D0032D4F5 /* SerieAddedModel.swift */ = {isa = PBXFileReference; lastKnownFileType = sourcecode.swift; name = SerieAddedModel.swift; path = Flow/models/SerieAddedModel.swift; sourceTree = SOURCE_ROOT; };
		636A43DF2912C67C0032D4F5 /* SerieAddedViewModel.swift */ = {isa = PBXFileReference; lastKnownFileType = sourcecode.swift; name = SerieAddedViewModel.swift; path = Flow/viewmodels/SerieAddedViewModel.swift; sourceTree = SOURCE_ROOT; };
		636A43E12912C7920032D4F5 /* SerieScroll.swift */ = {isa = PBXFileReference; lastKnownFileType = sourcecode.swift; name = SerieScroll.swift; path = Flow/components/SerieScroll.swift; sourceTree = SOURCE_ROOT; };
		636A43E32912CA960032D4F5 /* EventAddedModel.swift */ = {isa = PBXFileReference; lastKnownFileType = sourcecode.swift; name = EventAddedModel.swift; path = Flow/models/EventAddedModel.swift; sourceTree = SOURCE_ROOT; };
		636A43E52912CB7E0032D4F5 /* EventAddedViewModel.swift */ = {isa = PBXFileReference; lastKnownFileType = sourcecode.swift; name = EventAddedViewModel.swift; path = Flow/viewmodels/EventAddedViewModel.swift; sourceTree = SOURCE_ROOT; };
		636A43E72912CBD30032D4F5 /* EventScroll.swift */ = {isa = PBXFileReference; lastKnownFileType = sourcecode.swift; name = EventScroll.swift; path = Flow/components/EventScroll.swift; sourceTree = SOURCE_ROOT; };
		636A545529016466009D7491 /* Flow.app */ = {isa = PBXFileReference; explicitFileType = wrapper.application; includeInIndex = 0; path = Flow.app; sourceTree = BUILT_PRODUCTS_DIR; };
		636A545829016466009D7491 /* FlowApp.swift */ = {isa = PBXFileReference; lastKnownFileType = sourcecode.swift; path = FlowApp.swift; sourceTree = "<group>"; };
		636A545C29016467009D7491 /* Assets.xcassets */ = {isa = PBXFileReference; lastKnownFileType = folder.assetcatalog; path = Assets.xcassets; sourceTree = "<group>"; };
		636A545F29016467009D7491 /* Preview Assets.xcassets */ = {isa = PBXFileReference; lastKnownFileType = folder.assetcatalog; path = "Preview Assets.xcassets"; sourceTree = "<group>"; };
		636A546729016B1C009D7491 /* data.swift */ = {isa = PBXFileReference; lastKnownFileType = sourcecode.swift; path = data.swift; sourceTree = "<group>"; };
		639079042907FCF800FB8C02 /* LocationModel.swift */ = {isa = PBXFileReference; lastKnownFileType = sourcecode.swift; name = LocationModel.swift; path = Flow/models/LocationModel.swift; sourceTree = SOURCE_ROOT; };
		639079062907FDF100FB8C02 /* LocationDataServices.swift */ = {isa = PBXFileReference; lastKnownFileType = sourcecode.swift; path = LocationDataServices.swift; sourceTree = "<group>"; };
		639079082907FEB400FB8C02 /* LocationsView.swift */ = {isa = PBXFileReference; lastKnownFileType = sourcecode.swift; name = LocationsView.swift; path = Flow/screens/LocationsView.swift; sourceTree = SOURCE_ROOT; };
		6390790A2908011700FB8C02 /* LocationsViewModel.swift */ = {isa = PBXFileReference; lastKnownFileType = sourcecode.swift; name = LocationsViewModel.swift; path = Flow/viewmodels/LocationsViewModel.swift; sourceTree = SOURCE_ROOT; };
		6390790C2908095600FB8C02 /* LocationsListView.swift */ = {isa = PBXFileReference; lastKnownFileType = sourcecode.swift; name = LocationsListView.swift; path = Flow/screens/LocationsListView.swift; sourceTree = SOURCE_ROOT; };
		6390790E2908148A00FB8C02 /* LocationPreviewView.swift */ = {isa = PBXFileReference; lastKnownFileType = sourcecode.swift; name = LocationPreviewView.swift; path = Flow/screens/LocationPreviewView.swift; sourceTree = SOURCE_ROOT; };
		639079102908342C00FB8C02 /* LocationMapAnnotationView.swift */ = {isa = PBXFileReference; lastKnownFileType = sourcecode.swift; name = LocationMapAnnotationView.swift; path = Flow/screens/LocationMapAnnotationView.swift; sourceTree = SOURCE_ROOT; };
		63907912290838A100FB8C02 /* LocationDetailView.swift */ = {isa = PBXFileReference; lastKnownFileType = sourcecode.swift; name = LocationDetailView.swift; path = Flow/screens/LocationDetailView.swift; sourceTree = SOURCE_ROOT; };
		6390791629092B2900FB8C02 /* TabViewView.swift */ = {isa = PBXFileReference; lastKnownFileType = sourcecode.swift; name = TabViewView.swift; path = Flow/screens/TabViewView.swift; sourceTree = SOURCE_ROOT; };
		63AAE68729102420003BF376 /* ChatVenueView.swift */ = {isa = PBXFileReference; lastKnownFileType = sourcecode.swift; name = ChatVenueView.swift; path = Flow/screens/ChatVenueView.swift; sourceTree = SOURCE_ROOT; };
		63CA89B6290181F7006D9876 /* HomeView.swift */ = {isa = PBXFileReference; lastKnownFileType = sourcecode.swift; name = HomeView.swift; path = Flow/screens/HomeView.swift; sourceTree = SOURCE_ROOT; };
		63D6090F2913F6930008732E /* VignetteSerie.swift */ = {isa = PBXFileReference; lastKnownFileType = sourcecode.swift; name = VignetteSerie.swift; path = Flow/components/VignetteSerie.swift; sourceTree = SOURCE_ROOT; };
		63FC90C02901966200135CFB /* miniatureFilm.swift */ = {isa = PBXFileReference; lastKnownFileType = sourcecode.swift; name = miniatureFilm.swift; path = Flow/components/miniatureFilm.swift; sourceTree = SOURCE_ROOT; };
		63FC90C22901968800135CFB /* miniatureSerie.swift */ = {isa = PBXFileReference; lastKnownFileType = sourcecode.swift; name = miniatureSerie.swift; path = Flow/components/miniatureSerie.swift; sourceTree = SOURCE_ROOT; };
		63FC90C42901973B00135CFB /* FilmHomeModel.swift */ = {isa = PBXFileReference; lastKnownFileType = sourcecode.swift; name = FilmHomeModel.swift; path = Flow/models/FilmHomeModel.swift; sourceTree = SOURCE_ROOT; };
		63FC90C62901974800135CFB /* SerieHomeModel.swift */ = {isa = PBXFileReference; lastKnownFileType = sourcecode.swift; name = SerieHomeModel.swift; path = Flow/models/SerieHomeModel.swift; sourceTree = SOURCE_ROOT; };
		63FC90CA290282ED00135CFB /* homeDetail.swift */ = {isa = PBXFileReference; lastKnownFileType = sourcecode.swift; name = homeDetail.swift; path = Flow/components/homeDetail.swift; sourceTree = SOURCE_ROOT; };
		63FC90CC2902939700135CFB /* plateformLogo.swift */ = {isa = PBXFileReference; lastKnownFileType = sourcecode.swift; name = plateformLogo.swift; path = Flow/components/plateformLogo.swift; sourceTree = SOURCE_ROOT; };
		63FC90E02906C57B00135CFB /* ChatView.swift */ = {isa = PBXFileReference; lastKnownFileType = sourcecode.swift; name = ChatView.swift; path = Flow/screens/ChatView.swift; sourceTree = SOURCE_ROOT; };
		63FC90E72906D02800135CFB /* BotResponse.swift */ = {isa = PBXFileReference; lastKnownFileType = sourcecode.swift; path = BotResponse.swift; sourceTree = "<group>"; };
		9C1B061A2907EA3000B68E3D /* VignetteFilm.swift */ = {isa = PBXFileReference; lastKnownFileType = sourcecode.swift; name = VignetteFilm.swift; path = Flow/components/VignetteFilm.swift; sourceTree = SOURCE_ROOT; };
		9C1B061E2908302800B68E3D /* ButtonInscriptionTwo.swift */ = {isa = PBXFileReference; lastKnownFileType = sourcecode.swift; name = ButtonInscriptionTwo.swift; path = Flow/components/ButtonInscriptionTwo.swift; sourceTree = SOURCE_ROOT; };
		9C21CBFE2906781900F3BB26 /* ButtonConnexion.swift */ = {isa = PBXFileReference; lastKnownFileType = sourcecode.swift; name = ButtonConnexion.swift; path = Flow/components/ButtonConnexion.swift; sourceTree = SOURCE_ROOT; };
		9C21CC00290682A300F3BB26 /* ButtonInscription.swift */ = {isa = PBXFileReference; lastKnownFileType = sourcecode.swift; name = ButtonInscription.swift; path = Flow/components/ButtonInscription.swift; sourceTree = SOURCE_ROOT; };
		9C21CC0229068B3000F3BB26 /* ContinuewithApple.swift */ = {isa = PBXFileReference; lastKnownFileType = sourcecode.swift; name = ContinuewithApple.swift; path = Flow/components/ContinuewithApple.swift; sourceTree = SOURCE_ROOT; };
		9C8357B32906C59C0066A725 /* ParametersView.swift */ = {isa = PBXFileReference; lastKnownFileType = sourcecode.swift; name = ParametersView.swift; path = Flow/screens/ParametersView.swift; sourceTree = SOURCE_ROOT; };
		9CACF34F29019A2300234452 /* ConnexionView.swift */ = {isa = PBXFileReference; lastKnownFileType = sourcecode.swift; name = ConnexionView.swift; path = Flow/screens/ConnexionView.swift; sourceTree = SOURCE_ROOT; };
		9CACF35129019EBB00234452 /* InscriptionView.swift */ = {isa = PBXFileReference; lastKnownFileType = sourcecode.swift; name = InscriptionView.swift; path = Flow/screens/InscriptionView.swift; sourceTree = SOURCE_ROOT; };
		C705501A29029C02006A316E /* profileButton.swift */ = {isa = PBXFileReference; lastKnownFileType = sourcecode.swift; name = profileButton.swift; path = Flow/components/profileButton.swift; sourceTree = SOURCE_ROOT; };
		C705501C2902BBDF006A316E /* profileInfo.swift */ = {isa = PBXFileReference; lastKnownFileType = sourcecode.swift; name = profileInfo.swift; path = Flow/components/profileInfo.swift; sourceTree = SOURCE_ROOT; };
		C705501E2902C9AF006A316E /* gradientRectangle.swift */ = {isa = PBXFileReference; lastKnownFileType = sourcecode.swift; name = gradientRectangle.swift; path = Flow/Components/gradientRectangle.swift; sourceTree = SOURCE_ROOT; };
		C7220D6829069D9200EF5278 /* profileEvents.swift */ = {isa = PBXFileReference; lastKnownFileType = sourcecode.swift; name = profileEvents.swift; path = Flow/components/profileEvents.swift; sourceTree = SOURCE_ROOT; };
		C7220D6A2906B14E00EF5278 /* profilePreference.swift */ = {isa = PBXFileReference; lastKnownFileType = sourcecode.swift; name = profilePreference.swift; path = Flow/components/profilePreference.swift; sourceTree = SOURCE_ROOT; };
		C7220D6C2906C12500EF5278 /* profileAddPreference.swift */ = {isa = PBXFileReference; lastKnownFileType = sourcecode.swift; name = profileAddPreference.swift; path = Flow/components/profileAddPreference.swift; sourceTree = SOURCE_ROOT; };
		C7220D6E2906C1A100EF5278 /* profileCategoryPreference.swift */ = {isa = PBXFileReference; lastKnownFileType = sourcecode.swift; name = profileCategoryPreference.swift; path = Flow/components/profileCategoryPreference.swift; sourceTree = SOURCE_ROOT; };
		C7C0B2012907FD2F00094B26 /* titleComponent.swift */ = {isa = PBXFileReference; lastKnownFileType = sourcecode.swift; name = titleComponent.swift; path = Flow/components/titleComponent.swift; sourceTree = SOURCE_ROOT; };
		C7E0355C29100FCC0077E977 /* ContentView.swift */ = {isa = PBXFileReference; lastKnownFileType = sourcecode.swift; name = ContentView.swift; path = Flow/ContentView.swift; sourceTree = SOURCE_ROOT; };
		C7E0355E2910237D0077E977 /* miniatureEvent.swift */ = {isa = PBXFileReference; lastKnownFileType = sourcecode.swift; name = miniatureEvent.swift; path = Flow/components/miniatureEvent.swift; sourceTree = SOURCE_ROOT; };
		C7F83449290A6E870003B3EB /* actorInfo.swift */ = {isa = PBXFileReference; lastKnownFileType = sourcecode.swift; name = actorInfo.swift; path = Flow/Components/actorInfo.swift; sourceTree = SOURCE_ROOT; };
		C7F8344B290A7B7D0003B3EB /* actorInfoGrid.swift */ = {isa = PBXFileReference; lastKnownFileType = sourcecode.swift; name = actorInfoGrid.swift; path = Flow/components/actorInfoGrid.swift; sourceTree = SOURCE_ROOT; };
		C7FD1FB3290184BE001B5516 /* ProfileView.swift */ = {isa = PBXFileReference; lastKnownFileType = sourcecode.swift; name = ProfileView.swift; path = Flow/screens/ProfileView.swift; sourceTree = SOURCE_ROOT; };
/* End PBXFileReference section */

/* Begin PBXFrameworksBuildPhase section */
		636A545229016466009D7491 /* Frameworks */ = {
			isa = PBXFrameworksBuildPhase;
			buildActionMask = 2147483647;
			files = (
			);
			runOnlyForDeploymentPostprocessing = 0;
		};
/* End PBXFrameworksBuildPhase section */

/* Begin PBXGroup section */
		122F0F242907E2AB009F1E80 /* Recovered References */ = {
			isa = PBXGroup;
			children = (
			);
			name = "Recovered References";
			sourceTree = "<group>";
		};
		6300A124290FC59E00193738 /* dtos */ = {
			isa = PBXGroup;
			children = (
				6300A125290FC60000193738 /* ResponseDto.swift */,
			);
			path = dtos;
			sourceTree = "<group>";
		};
		636A544C29016466009D7491 = {
			isa = PBXGroup;
			children = (
				636A545729016466009D7491 /* Flow */,
				636A545629016466009D7491 /* Products */,
				122F0F242907E2AB009F1E80 /* Recovered References */,
			);
			sourceTree = "<group>";
		};
		636A545629016466009D7491 /* Products */ = {
			isa = PBXGroup;
			children = (
				636A545529016466009D7491 /* Flow.app */,
			);
			name = Products;
			sourceTree = "<group>";
		};
		636A545729016466009D7491 /* Flow */ = {
			isa = PBXGroup;
			children = (
				6300A124290FC59E00193738 /* dtos */,
				636A546C29016E0B009D7491 /* Models */,
				636A546B29016DFB009D7491 /* Components */,
				636A546A29016DE2009D7491 /* Screens */,
				636A546929016DD1009D7491 /* ViewModels */,
				636A546629016B0E009D7491 /* Data */,
				636A545829016466009D7491 /* FlowApp.swift */,
				C7E0355C29100FCC0077E977 /* ContentView.swift */,
				636A545C29016467009D7491 /* Assets.xcassets */,
				636A545E29016467009D7491 /* Preview Content */,
			);
			path = Flow;
			sourceTree = "<group>";
		};
		636A545E29016467009D7491 /* Preview Content */ = {
			isa = PBXGroup;
			children = (
				636A545F29016467009D7491 /* Preview Assets.xcassets */,
			);
			path = "Preview Content";
			sourceTree = "<group>";
		};
		636A546629016B0E009D7491 /* Data */ = {
			isa = PBXGroup;
			children = (
				636A546729016B1C009D7491 /* data.swift */,
				63FC90E72906D02800135CFB /* BotResponse.swift */,
				5F807F7F2906D7E50002C5D9 /* Styles.swift */,
				639079062907FDF100FB8C02 /* LocationDataServices.swift */,
			);
			path = Data;
			sourceTree = "<group>";
		};
		636A546929016DD1009D7491 /* ViewModels */ = {
			isa = PBXGroup;
			children = (
				6390790A2908011700FB8C02 /* LocationsViewModel.swift */,
				6300A122290FC57000193738 /* TrendingViewModel.swift */,
				636A43C5291286340032D4F5 /* FilmViewModel.swift */,
				636A43CB29128DD90032D4F5 /* SerieViewModel.swift */,
				636A43D32912AF220032D4F5 /* FavoriteViewModel.swift */,
				636A43D92912BFC30032D4F5 /* FilmAddedViewModel.swift */,
				636A43DF2912C67C0032D4F5 /* SerieAddedViewModel.swift */,
				636A43E52912CB7E0032D4F5 /* EventAddedViewModel.swift */,
			);
			path = ViewModels;
			sourceTree = "<group>";
		};
		636A546A29016DE2009D7491 /* Screens */ = {
			isa = PBXGroup;
			children = (
				9CACF35129019EBB00234452 /* InscriptionView.swift */,
				9CACF34F29019A2300234452 /* ConnexionView.swift */,
				9C8357B32906C59C0066A725 /* ParametersView.swift */,
				63FC90E02906C57B00135CFB /* ChatView.swift */,
				63AAE68729102420003BF376 /* ChatVenueView.swift */,
				C7FD1FB3290184BE001B5516 /* ProfileView.swift */,
				63CA89B6290181F7006D9876 /* HomeView.swift */,
				5F807F762906D7680002C5D9 /* LibraryView.swift */,
				5F807F782906D78E0002C5D9 /* DetailsView.swift */,
				639079082907FEB400FB8C02 /* LocationsView.swift */,
				6390790C2908095600FB8C02 /* LocationsListView.swift */,
				6390790E2908148A00FB8C02 /* LocationPreviewView.swift */,
				639079102908342C00FB8C02 /* LocationMapAnnotationView.swift */,
				63907912290838A100FB8C02 /* LocationDetailView.swift */,
				6390791629092B2900FB8C02 /* TabViewView.swift */,
			);
			path = Screens;
			sourceTree = "<group>";
		};
		636A546B29016DFB009D7491 /* Components */ = {
			isa = PBXGroup;
			children = (
				C7F83449290A6E870003B3EB /* actorInfo.swift */,
				C7F8344B290A7B7D0003B3EB /* actorInfoGrid.swift */,
				9C21CBFE2906781900F3BB26 /* ButtonConnexion.swift */,
				9C21CC00290682A300F3BB26 /* ButtonInscription.swift */,
				9C21CC0229068B3000F3BB26 /* ContinuewithApple.swift */,
				9C1B061A2907EA3000B68E3D /* VignetteFilm.swift */,
				636A43BF29125F4A0032D4F5 /* VignetteTrending.swift */,
				63D6090F2913F6930008732E /* VignetteSerie.swift */,
				9C1B061E2908302800B68E3D /* ButtonInscriptionTwo.swift */,
				C705501A29029C02006A316E /* profileButton.swift */,
				C705501C2902BBDF006A316E /* profileInfo.swift */,
				C705501E2902C9AF006A316E /* gradientRectangle.swift */,
				C7220D6829069D9200EF5278 /* profileEvents.swift */,
				C7220D6A2906B14E00EF5278 /* profilePreference.swift */,
				C7220D6E2906C1A100EF5278 /* profileCategoryPreference.swift */,
				C7220D6C2906C12500EF5278 /* profileAddPreference.swift */,
				5F807F702906D6F80002C5D9 /* LibraryComp.swift */,
				5F807F722906D73F0002C5D9 /* DetailsComp.swift */,
				5F807F742906D7580002C5D9 /* MapDetailsComp.swift */,
				63FC90C02901966200135CFB /* miniatureFilm.swift */,
				63FC90C22901968800135CFB /* miniatureSerie.swift */,
				C7E0355E2910237D0077E977 /* miniatureEvent.swift */,
				63FC90CA290282ED00135CFB /* homeDetail.swift */,
				63FC90CC2902939700135CFB /* plateformLogo.swift */,
				C7C0B2012907FD2F00094B26 /* titleComponent.swift */,
				636A43CD291293150032D4F5 /* CardView.swift */,
				636A43CF291299500032D4F5 /* titleComponentDynamic.swift */,
				636A43D52912B0830032D4F5 /* FavoriteScroll.swift */,
				636A43DB2912C0130032D4F5 /* FilmScroll.swift */,
				636A43E12912C7920032D4F5 /* SerieScroll.swift */,
				636A43E72912CBD30032D4F5 /* EventScroll.swift */,
			);
			path = Components;
			sourceTree = "<group>";
		};
		636A546C29016E0B009D7491 /* Models */ = {
			isa = PBXGroup;
			children = (
				63FC90C42901973B00135CFB /* FilmHomeModel.swift */,
				63FC90C62901974800135CFB /* SerieHomeModel.swift */,
				639079042907FCF800FB8C02 /* LocationModel.swift */,
				636A43C129127F660032D4F5 /* TrendingParamModel.swift */,
				636A43C32912857B0032D4F5 /* FilmParamModel.swift */,
				636A43C729128D5F0032D4F5 /* SerieParamModel.swift */,
				636A43D12912AEE10032D4F5 /* FavoriteModel.swift */,
				636A43D72912BF9A0032D4F5 /* FilmAddedModel.swift */,
				636A43DD2912C65D0032D4F5 /* SerieAddedModel.swift */,
				636A43E32912CA960032D4F5 /* EventAddedModel.swift */,
			);
			path = Models;
			sourceTree = "<group>";
		};
/* End PBXGroup section */

/* Begin PBXNativeTarget section */
		636A545429016466009D7491 /* Flow */ = {
			isa = PBXNativeTarget;
			buildConfigurationList = 636A546329016467009D7491 /* Build configuration list for PBXNativeTarget "Flow" */;
			buildPhases = (
				636A545129016466009D7491 /* Sources */,
				636A545229016466009D7491 /* Frameworks */,
				636A545329016466009D7491 /* Resources */,
			);
			buildRules = (
			);
			dependencies = (
			);
			name = Flow;
			packageProductDependencies = (
			);
			productName = Flow;
			productReference = 636A545529016466009D7491 /* Flow.app */;
			productType = "com.apple.product-type.application";
		};
/* End PBXNativeTarget section */

/* Begin PBXProject section */
		636A544D29016466009D7491 /* Project object */ = {
			isa = PBXProject;
			attributes = {
				BuildIndependentTargetsInParallel = 1;
				LastSwiftUpdateCheck = 1400;
				LastUpgradeCheck = 1400;
				TargetAttributes = {
					636A545429016466009D7491 = {
						CreatedOnToolsVersion = 14.0.1;
					};
				};
			};
			buildConfigurationList = 636A545029016466009D7491 /* Build configuration list for PBXProject "Flow" */;
			compatibilityVersion = "Xcode 13.0";
			developmentRegion = en;
			hasScannedForEncodings = 0;
			knownRegions = (
				en,
				Base,
			);
			mainGroup = 636A544C29016466009D7491;
			packageReferences = (
			);
			productRefGroup = 636A545629016466009D7491 /* Products */;
			projectDirPath = "";
			projectRoot = "";
			targets = (
				636A545429016466009D7491 /* Flow */,
			);
		};
/* End PBXProject section */

/* Begin PBXResourcesBuildPhase section */
		636A545329016466009D7491 /* Resources */ = {
			isa = PBXResourcesBuildPhase;
			buildActionMask = 2147483647;
			files = (
				636A546029016467009D7491 /* Preview Assets.xcassets in Resources */,
				636A545D29016467009D7491 /* Assets.xcassets in Resources */,
			);
			runOnlyForDeploymentPostprocessing = 0;
		};
/* End PBXResourcesBuildPhase section */

/* Begin PBXSourcesBuildPhase section */
		636A545129016466009D7491 /* Sources */ = {
			isa = PBXSourcesBuildPhase;
			buildActionMask = 2147483647;
			files = (
				63FC90E82906D02800135CFB /* BotResponse.swift in Sources */,
				636A43E22912C7920032D4F5 /* SerieScroll.swift in Sources */,
				C7F8344A290A6E870003B3EB /* actorInfo.swift in Sources */,
				636A43D62912B0830032D4F5 /* FavoriteScroll.swift in Sources */,
				636A43C829128D5F0032D4F5 /* SerieParamModel.swift in Sources */,
				6300A126290FC60000193738 /* ResponseDto.swift in Sources */,
				636A43DA2912BFC30032D4F5 /* FilmAddedViewModel.swift in Sources */,
				636A43E42912CA960032D4F5 /* EventAddedModel.swift in Sources */,
				C7E0355F2910237D0077E977 /* miniatureEvent.swift in Sources */,
				C7220D6D2906C12500EF5278 /* profileAddPreference.swift in Sources */,
				C7F8344C290A7B7D0003B3EB /* actorInfoGrid.swift in Sources */,
				636A43DE2912C65D0032D4F5 /* SerieAddedModel.swift in Sources */,
				636A43D42912AF220032D4F5 /* FavoriteViewModel.swift in Sources */,
				C7220D6929069D9200EF5278 /* profileEvents.swift in Sources */,
				C7C0B2022907FD2F00094B26 /* titleComponent.swift in Sources */,
				639079052907FCF800FB8C02 /* LocationModel.swift in Sources */,
				C7220D6929069D9200EF5278 /* profileEvents.swift in Sources */,
				9C1B061B2907EA3000B68E3D /* VignetteFilm.swift in Sources */,
				C705501B29029C02006A316E /* profileButton.swift in Sources */,
				63D609102913F6930008732E /* VignetteSerie.swift in Sources */,
				C7220D6F2906C1A100EF5278 /* profileCategoryPreference.swift in Sources */,
				C705501F2902C9AF006A316E /* gradientRectangle.swift in Sources */,
				C7FD1FB4290184BE001B5516 /* ProfileView.swift in Sources */,
				6390790F2908148A00FB8C02 /* LocationPreviewView.swift in Sources */,
				63AAE68829102420003BF376 /* ChatVenueView.swift in Sources */,
				639079092907FEB400FB8C02 /* LocationsView.swift in Sources */,
				63FC90C32901968800135CFB /* miniatureSerie.swift in Sources */,
				636A546829016B1C009D7491 /* data.swift in Sources */,
				639079112908342C00FB8C02 /* LocationMapAnnotationView.swift in Sources */,
				9C21CBFF2906781900F3BB26 /* ButtonConnexion.swift in Sources */,
				636A43E02912C67C0032D4F5 /* SerieAddedViewModel.swift in Sources */,
				9C1B061F2908302800B68E3D /* ButtonInscriptionTwo.swift in Sources */,
				9CACF35029019A2300234452 /* ConnexionView.swift in Sources */,
				636A545929016466009D7491 /* FlowApp.swift in Sources */,
				9CACF35229019EBB00234452 /* InscriptionView.swift in Sources */,
				9C21CC0329068B3000F3BB26 /* ContinuewithApple.swift in Sources */,
				63CA89B7290181F7006D9876 /* HomeView.swift in Sources */,
				636A43C6291286340032D4F5 /* FilmViewModel.swift in Sources */,
				636A43D22912AEE10032D4F5 /* FavoriteModel.swift in Sources */,
				9C21CC01290682A300F3BB26 /* ButtonInscription.swift in Sources */,
				C7E0355D29100FCC0077E977 /* ContentView.swift in Sources */,
				9C8357B42906C59C0066A725 /* ParametersView.swift in Sources */,
				636A43D0291299500032D4F5 /* titleComponentDynamic.swift in Sources */,
				63FC90E12906C57B00135CFB /* ChatView.swift in Sources */,
				636A43C029125F4A0032D4F5 /* VignetteTrending.swift in Sources */,
				636A43C42912857B0032D4F5 /* FilmParamModel.swift in Sources */,
				C705501D2902BBDF006A316E /* profileInfo.swift in Sources */,
				C7220D6B2906B14E00EF5278 /* profilePreference.swift in Sources */,
				5F807F772906D7680002C5D9 /* LibraryView.swift in Sources */,
				63907913290838A100FB8C02 /* LocationDetailView.swift in Sources */,
				6390790D2908095700FB8C02 /* LocationsListView.swift in Sources */,
				636A545929016466009D7491 /* FlowApp.swift in Sources */,
				5F807F792906D78E0002C5D9 /* DetailsView.swift in Sources */,
				639079072907FDF100FB8C02 /* LocationDataServices.swift in Sources */,
				6390790B2908011700FB8C02 /* LocationsViewModel.swift in Sources */,
				636A43E82912CBD30032D4F5 /* EventScroll.swift in Sources */,
				5F807F732906D73F0002C5D9 /* DetailsComp.swift in Sources */,
				5F807F752906D7580002C5D9 /* MapDetailsComp.swift in Sources */,
				5F807F802906D7E50002C5D9 /* Styles.swift in Sources */,
				63CA89B7290181F7006D9876 /* HomeView.swift in Sources */,
				6390791729092B2900FB8C02 /* TabViewView.swift in Sources */,
				636A43CC29128DD90032D4F5 /* SerieViewModel.swift in Sources */,
				636A43E62912CB7E0032D4F5 /* EventAddedViewModel.swift in Sources */,
				636A43CE291293150032D4F5 /* CardView.swift in Sources */,
				5F807F712906D6F80002C5D9 /* LibraryComp.swift in Sources */,
				63FC90C72901974800135CFB /* SerieHomeModel.swift in Sources */,
				636A43C229127F660032D4F5 /* TrendingParamModel.swift in Sources */,
				636A43D82912BF9A0032D4F5 /* FilmAddedModel.swift in Sources */,
				63FC90C72901974800135CFB /* SerieHomeModel.swift in Sources */,
				63FC90CD2902939700135CFB /* plateformLogo.swift in Sources */,
				63FC90CB290282ED00135CFB /* homeDetail.swift in Sources */,
				63FC90C52901973B00135CFB /* FilmHomeModel.swift in Sources */,
				63FC90C12901966200135CFB /* miniatureFilm.swift in Sources */,
				636A43DC2912C0130032D4F5 /* FilmScroll.swift in Sources */,
				6300A123290FC57100193738 /* TrendingViewModel.swift in Sources */,
			);
			runOnlyForDeploymentPostprocessing = 0;
		};
/* End PBXSourcesBuildPhase section */

/* Begin XCBuildConfiguration section */
		636A546129016467009D7491 /* Debug */ = {
			isa = XCBuildConfiguration;
			buildSettings = {
				ALWAYS_SEARCH_USER_PATHS = NO;
				CLANG_ANALYZER_NONNULL = YES;
				CLANG_ANALYZER_NUMBER_OBJECT_CONVERSION = YES_AGGRESSIVE;
				CLANG_CXX_LANGUAGE_STANDARD = "gnu++20";
				CLANG_ENABLE_MODULES = YES;
				CLANG_ENABLE_OBJC_ARC = YES;
				CLANG_ENABLE_OBJC_WEAK = YES;
				CLANG_WARN_BLOCK_CAPTURE_AUTORELEASING = YES;
				CLANG_WARN_BOOL_CONVERSION = YES;
				CLANG_WARN_COMMA = YES;
				CLANG_WARN_CONSTANT_CONVERSION = YES;
				CLANG_WARN_DEPRECATED_OBJC_IMPLEMENTATIONS = YES;
				CLANG_WARN_DIRECT_OBJC_ISA_USAGE = YES_ERROR;
				CLANG_WARN_DOCUMENTATION_COMMENTS = YES;
				CLANG_WARN_EMPTY_BODY = YES;
				CLANG_WARN_ENUM_CONVERSION = YES;
				CLANG_WARN_INFINITE_RECURSION = YES;
				CLANG_WARN_INT_CONVERSION = YES;
				CLANG_WARN_NON_LITERAL_NULL_CONVERSION = YES;
				CLANG_WARN_OBJC_IMPLICIT_RETAIN_SELF = YES;
				CLANG_WARN_OBJC_LITERAL_CONVERSION = YES;
				CLANG_WARN_OBJC_ROOT_CLASS = YES_ERROR;
				CLANG_WARN_QUOTED_INCLUDE_IN_FRAMEWORK_HEADER = YES;
				CLANG_WARN_RANGE_LOOP_ANALYSIS = YES;
				CLANG_WARN_STRICT_PROTOTYPES = YES;
				CLANG_WARN_SUSPICIOUS_MOVE = YES;
				CLANG_WARN_UNGUARDED_AVAILABILITY = YES_AGGRESSIVE;
				CLANG_WARN_UNREACHABLE_CODE = YES;
				CLANG_WARN__DUPLICATE_METHOD_MATCH = YES;
				COPY_PHASE_STRIP = NO;
				DEBUG_INFORMATION_FORMAT = dwarf;
				ENABLE_STRICT_OBJC_MSGSEND = YES;
				ENABLE_TESTABILITY = YES;
				GCC_C_LANGUAGE_STANDARD = gnu11;
				GCC_DYNAMIC_NO_PIC = NO;
				GCC_NO_COMMON_BLOCKS = YES;
				GCC_OPTIMIZATION_LEVEL = 0;
				GCC_PREPROCESSOR_DEFINITIONS = (
					"DEBUG=1",
					"$(inherited)",
				);
				GCC_WARN_64_TO_32_BIT_CONVERSION = YES;
				GCC_WARN_ABOUT_RETURN_TYPE = YES_ERROR;
				GCC_WARN_UNDECLARED_SELECTOR = YES;
				GCC_WARN_UNINITIALIZED_AUTOS = YES_AGGRESSIVE;
				GCC_WARN_UNUSED_FUNCTION = YES;
				GCC_WARN_UNUSED_VARIABLE = YES;
				IPHONEOS_DEPLOYMENT_TARGET = 16.0;
				MTL_ENABLE_DEBUG_INFO = INCLUDE_SOURCE;
				MTL_FAST_MATH = YES;
				ONLY_ACTIVE_ARCH = YES;
				SDKROOT = iphoneos;
				SWIFT_ACTIVE_COMPILATION_CONDITIONS = DEBUG;
				SWIFT_OPTIMIZATION_LEVEL = "-Onone";
			};
			name = Debug;
		};
		636A546229016467009D7491 /* Release */ = {
			isa = XCBuildConfiguration;
			buildSettings = {
				ALWAYS_SEARCH_USER_PATHS = NO;
				CLANG_ANALYZER_NONNULL = YES;
				CLANG_ANALYZER_NUMBER_OBJECT_CONVERSION = YES_AGGRESSIVE;
				CLANG_CXX_LANGUAGE_STANDARD = "gnu++20";
				CLANG_ENABLE_MODULES = YES;
				CLANG_ENABLE_OBJC_ARC = YES;
				CLANG_ENABLE_OBJC_WEAK = YES;
				CLANG_WARN_BLOCK_CAPTURE_AUTORELEASING = YES;
				CLANG_WARN_BOOL_CONVERSION = YES;
				CLANG_WARN_COMMA = YES;
				CLANG_WARN_CONSTANT_CONVERSION = YES;
				CLANG_WARN_DEPRECATED_OBJC_IMPLEMENTATIONS = YES;
				CLANG_WARN_DIRECT_OBJC_ISA_USAGE = YES_ERROR;
				CLANG_WARN_DOCUMENTATION_COMMENTS = YES;
				CLANG_WARN_EMPTY_BODY = YES;
				CLANG_WARN_ENUM_CONVERSION = YES;
				CLANG_WARN_INFINITE_RECURSION = YES;
				CLANG_WARN_INT_CONVERSION = YES;
				CLANG_WARN_NON_LITERAL_NULL_CONVERSION = YES;
				CLANG_WARN_OBJC_IMPLICIT_RETAIN_SELF = YES;
				CLANG_WARN_OBJC_LITERAL_CONVERSION = YES;
				CLANG_WARN_OBJC_ROOT_CLASS = YES_ERROR;
				CLANG_WARN_QUOTED_INCLUDE_IN_FRAMEWORK_HEADER = YES;
				CLANG_WARN_RANGE_LOOP_ANALYSIS = YES;
				CLANG_WARN_STRICT_PROTOTYPES = YES;
				CLANG_WARN_SUSPICIOUS_MOVE = YES;
				CLANG_WARN_UNGUARDED_AVAILABILITY = YES_AGGRESSIVE;
				CLANG_WARN_UNREACHABLE_CODE = YES;
				CLANG_WARN__DUPLICATE_METHOD_MATCH = YES;
				COPY_PHASE_STRIP = NO;
				DEBUG_INFORMATION_FORMAT = "dwarf-with-dsym";
				ENABLE_NS_ASSERTIONS = NO;
				ENABLE_STRICT_OBJC_MSGSEND = YES;
				GCC_C_LANGUAGE_STANDARD = gnu11;
				GCC_NO_COMMON_BLOCKS = YES;
				GCC_WARN_64_TO_32_BIT_CONVERSION = YES;
				GCC_WARN_ABOUT_RETURN_TYPE = YES_ERROR;
				GCC_WARN_UNDECLARED_SELECTOR = YES;
				GCC_WARN_UNINITIALIZED_AUTOS = YES_AGGRESSIVE;
				GCC_WARN_UNUSED_FUNCTION = YES;
				GCC_WARN_UNUSED_VARIABLE = YES;
				IPHONEOS_DEPLOYMENT_TARGET = 16.0;
				MTL_ENABLE_DEBUG_INFO = NO;
				MTL_FAST_MATH = YES;
				SDKROOT = iphoneos;
				SWIFT_COMPILATION_MODE = wholemodule;
				SWIFT_OPTIMIZATION_LEVEL = "-O";
				VALIDATE_PRODUCT = YES;
			};
			name = Release;
		};
		636A546429016467009D7491 /* Debug */ = {
			isa = XCBuildConfiguration;
			buildSettings = {
				ASSETCATALOG_COMPILER_APPICON_NAME = AppIcon;
				ASSETCATALOG_COMPILER_GLOBAL_ACCENT_COLOR_NAME = AccentColor;
				CODE_SIGN_STYLE = Automatic;
				CURRENT_PROJECT_VERSION = 1;
				DEVELOPMENT_ASSET_PATHS = "\"Flow/Preview Content\"";
				ENABLE_PREVIEWS = YES;
				GENERATE_INFOPLIST_FILE = YES;
				INFOPLIST_KEY_UIApplicationSceneManifest_Generation = YES;
				INFOPLIST_KEY_UIApplicationSupportsIndirectInputEvents = YES;
				INFOPLIST_KEY_UILaunchScreen_Generation = YES;
				INFOPLIST_KEY_UISupportedInterfaceOrientations_iPad = "UIInterfaceOrientationPortrait UIInterfaceOrientationPortraitUpsideDown UIInterfaceOrientationLandscapeLeft UIInterfaceOrientationLandscapeRight";
				INFOPLIST_KEY_UISupportedInterfaceOrientations_iPhone = "UIInterfaceOrientationPortrait UIInterfaceOrientationLandscapeLeft UIInterfaceOrientationLandscapeRight";
				IPHONEOS_DEPLOYMENT_TARGET = 15.0;
				LD_RUNPATH_SEARCH_PATHS = (
					"$(inherited)",
					"@executable_path/Frameworks",
				);
				MARKETING_VERSION = 1.0;
				PRODUCT_BUNDLE_IDENTIFIER = AFPE.Flow;
				PRODUCT_NAME = "$(TARGET_NAME)";
				SWIFT_EMIT_LOC_STRINGS = YES;
				SWIFT_VERSION = 5.0;
				TARGETED_DEVICE_FAMILY = "1,2";
			};
			name = Debug;
		};
		636A546529016467009D7491 /* Release */ = {
			isa = XCBuildConfiguration;
			buildSettings = {
				ASSETCATALOG_COMPILER_APPICON_NAME = AppIcon;
				ASSETCATALOG_COMPILER_GLOBAL_ACCENT_COLOR_NAME = AccentColor;
				CODE_SIGN_STYLE = Automatic;
				CURRENT_PROJECT_VERSION = 1;
				DEVELOPMENT_ASSET_PATHS = "\"Flow/Preview Content\"";
				ENABLE_PREVIEWS = YES;
				GENERATE_INFOPLIST_FILE = YES;
				INFOPLIST_KEY_UIApplicationSceneManifest_Generation = YES;
				INFOPLIST_KEY_UIApplicationSupportsIndirectInputEvents = YES;
				INFOPLIST_KEY_UILaunchScreen_Generation = YES;
				INFOPLIST_KEY_UISupportedInterfaceOrientations_iPad = "UIInterfaceOrientationPortrait UIInterfaceOrientationPortraitUpsideDown UIInterfaceOrientationLandscapeLeft UIInterfaceOrientationLandscapeRight";
				INFOPLIST_KEY_UISupportedInterfaceOrientations_iPhone = "UIInterfaceOrientationPortrait UIInterfaceOrientationLandscapeLeft UIInterfaceOrientationLandscapeRight";
				IPHONEOS_DEPLOYMENT_TARGET = 15.0;
				LD_RUNPATH_SEARCH_PATHS = (
					"$(inherited)",
					"@executable_path/Frameworks",
				);
				MARKETING_VERSION = 1.0;
				PRODUCT_BUNDLE_IDENTIFIER = AFPE.Flow;
				PRODUCT_NAME = "$(TARGET_NAME)";
				SWIFT_EMIT_LOC_STRINGS = YES;
				SWIFT_VERSION = 5.0;
				TARGETED_DEVICE_FAMILY = "1,2";
			};
			name = Release;
		};
/* End XCBuildConfiguration section */

/* Begin XCConfigurationList section */
		636A545029016466009D7491 /* Build configuration list for PBXProject "Flow" */ = {
			isa = XCConfigurationList;
			buildConfigurations = (
				636A546129016467009D7491 /* Debug */,
				636A546229016467009D7491 /* Release */,
			);
			defaultConfigurationIsVisible = 0;
			defaultConfigurationName = Release;
		};
		636A546329016467009D7491 /* Build configuration list for PBXNativeTarget "Flow" */ = {
			isa = XCConfigurationList;
			buildConfigurations = (
				636A546429016467009D7491 /* Debug */,
				636A546529016467009D7491 /* Release */,
			);
			defaultConfigurationIsVisible = 0;
			defaultConfigurationName = Release;
		};
/* End XCConfigurationList section */
	};
	rootObject = 636A544D29016466009D7491 /* Project object */;
}
